
Microsoft Visual Studio Solution File, Format Version 12.00
# Visual Studio Version 17
VisualStudioVersion = 17.2.32519.379
MinimumVisualStudioVersion = 10.0.40219.1
Project("{FAE04EC0-301F-11D3-BF4B-00C04F79EFBC}") = "PaymentGateway", "PaymentGateway.csproj", "{CF35BA73-35BD-4EF9-B4E0-62B54FDF7829}"
EndProject
Global
	GlobalSection(SolutionConfigurationPlatforms) = preSolution
		Debug|Any CPU = Debug|Any CPU
		Release|Any CPU = Release|Any CPU
	EndGlobalSection
	GlobalSection(ProjectConfigurationPlatforms) = postSolution
		{CF35BA73-35BD-4EF9-B4E0-62B54FDF7829}.Debug|Any CPU.ActiveCfg = Debug|Any CPU
		{CF35BA73-35BD-4EF9-B4E0-62B54FDF7829}.Debug|Any CPU.Build.0 = Debug|Any CPU
		{CF35BA73-35BD-4EF9-B4E0-62B54FDF7829}.Release|Any CPU.ActiveCfg = Release|Any CPU
		{CF35BA73-35BD-4EF9-B4E0-62B54FDF7829}.Release|Any CPU.Build.0 = Release|Any CPU
	EndGlobalSection
	GlobalSection(SolutionProperties) = preSolution
		HideSolutionNode = FALSE
	EndGlobalSection
	GlobalSection(ExtensibilityGlobals) = postSolution
		SolutionGuid = {953285A3-39DB-4300-8A4A-8382F89B5B1A}
	EndGlobalSection
EndGlobal
